
Microsoft Visual Studio Solution File, Format Version 12.00
# Visual Studio Version 17
VisualStudioVersion = 17.0.31919.166
MinimumVisualStudioVersion = 10.0.40219.1
Project("{9A19103F-16F7-4668-BE54-9A1E7A4F7556}") = "computer-configurator-api", "computer-configurator-api\computer-configurator-api.csproj", "{0C061D17-ADCD-45B8-BE8F-DD8846B8697D}"
EndProject
Global
	GlobalSection(SolutionConfigurationPlatforms) = preSolution
		Debug|Any CPU = Debug|Any CPU
		Release|Any CPU = Release|Any CPU
	EndGlobalSection
	GlobalSection(ProjectConfigurationPlatforms) = postSolution
		{0C061D17-ADCD-45B8-BE8F-DD8846B8697D}.Debug|Any CPU.ActiveCfg = Debug|Any CPU
		{0C061D17-ADCD-45B8-BE8F-DD8846B8697D}.Debug|Any CPU.Build.0 = Debug|Any CPU
		{0C061D17-ADCD-45B8-BE8F-DD8846B8697D}.Release|Any CPU.ActiveCfg = Release|Any CPU
		{0C061D17-ADCD-45B8-BE8F-DD8846B8697D}.Release|Any CPU.Build.0 = Release|Any CPU
	EndGlobalSection
	GlobalSection(SolutionProperties) = preSolution
		HideSolutionNode = FALSE
	EndGlobalSection
	GlobalSection(ExtensibilityGlobals) = postSolution
		SolutionGuid = {0B678196-85E8-4A08-BAB8-536EA6AA7642}
	EndGlobalSection
EndGlobal
